
Microsoft Visual Studio Solution File, Format Version 12.00
# Visual Studio Version 16
VisualStudioVersion = 16.0.30804.86
MinimumVisualStudioVersion = 10.0.40219.1
Project("{F2A71F9B-5D33-465A-A702-920D77279786}") = "FactoryGenerator", "FactoryGenerator.fsproj", "{DEBAFC45-2D42-4B8E-BEFB-E37764A529F3}"
EndProject
Global
	GlobalSection(SolutionConfigurationPlatforms) = preSolution
		Debug|Any CPU = Debug|Any CPU
		Release|Any CPU = Release|Any CPU
	EndGlobalSection
	GlobalSection(ProjectConfigurationPlatforms) = postSolution
		{DEBAFC45-2D42-4B8E-BEFB-E37764A529F3}.Debug|Any CPU.ActiveCfg = Debug|Any CPU
		{DEBAFC45-2D42-4B8E-BEFB-E37764A529F3}.Debug|Any CPU.Build.0 = Debug|Any CPU
		{DEBAFC45-2D42-4B8E-BEFB-E37764A529F3}.Release|Any CPU.ActiveCfg = Release|Any CPU
		{DEBAFC45-2D42-4B8E-BEFB-E37764A529F3}.Release|Any CPU.Build.0 = Release|Any CPU
	EndGlobalSection
	GlobalSection(SolutionProperties) = preSolution
		HideSolutionNode = FALSE
	EndGlobalSection
	GlobalSection(ExtensibilityGlobals) = postSolution
		SolutionGuid = {BE32C027-AB28-4E32-84EB-27E06A194594}
	EndGlobalSection
EndGlobal
